{
  "name": "api-hana",
  "lockfileVersion": 2,
  "requires": true,
  "packages": {
    "": {
      "dependencies": {
        "@sap/hana-client": "^2.21.28"
      }
    },
    "node_modules/@sap/hana-client": {
      "version": "2.21.28",
      "resolved": "https://registry.npmjs.org/@sap/hana-client/-/hana-client-2.21.28.tgz",
      "integrity": "sha512-PiGz4L5vWpXA9/Rj8yUUkJ6Q6jSRSeZlxQ6ijyzIyGPSz26zBtGDMpS3pXFzs4F7OkB5i91NdJwtgKleVa/2xQ==",
      "hasInstallScript": true,
      "hasShrinkwrap": true,
      "dependencies": {
        "debug": "3.1.0"
      },
      "engines": {
        "node": ">=4.0.0"
      }
    },
    "node_modules/@sap/hana-client/node_modules/debug": {
      "version": "3.1.0",
      "integrity": "sha512-OX8XqP7/1a9cqkxYw2yXss15f26NKWBpDXQd0/uK/KPqdQhxbPa994hnzjcE2VqQpDslf55723cKPUOGSmMY3g==",
      "dependencies": {
        "ms": "2.0.0"
      }
    },
    "node_modules/@sap/hana-client/node_modules/ms": {
      "version": "2.0.0",
      "integrity": "sha512-Tpp60P6IUJDTuOq/5Z8cdskzJujfwqfOTkrwIwj7IRISpnkJnT6SyJ4PCPnGMoFjC9ddhal5KVIYtAt97ix05A=="
    }
  },
  "dependencies": {
    "@sap/hana-client": {
      "version": "2.21.28",
      "resolved": "https://registry.npmjs.org/@sap/hana-client/-/hana-client-2.21.28.tgz",
      "integrity": "sha512-PiGz4L5vWpXA9/Rj8yUUkJ6Q6jSRSeZlxQ6ijyzIyGPSz26zBtGDMpS3pXFzs4F7OkB5i91NdJwtgKleVa/2xQ==",
      "requires": {
        "debug": "3.1.0"
      },
      "dependencies": {
        "debug": {
          "version": "3.1.0",
          "integrity": "sha512-OX8XqP7/1a9cqkxYw2yXss15f26NKWBpDXQd0/uK/KPqdQhxbPa994hnzjcE2VqQpDslf55723cKPUOGSmMY3g==",
          "requires": {
            "ms": "2.0.0"
          }
        },
        "ms": {
          "version": "2.0.0",
          "integrity": "sha512-Tpp60P6IUJDTuOq/5Z8cdskzJujfwqfOTkrwIwj7IRISpnkJnT6SyJ4PCPnGMoFjC9ddhal5KVIYtAt97ix05A=="
        }
      }
    }
  }
}
